
Microsoft Visual Studio Solution File, Format Version 12.00
# Visual Studio Version 17
VisualStudioVersion = 17.10.35122.118
MinimumVisualStudioVersion = 10.0.40219.1
Project("{FAE04EC0-301F-11D3-BF4B-00C04F79EFBC}") = "EX_CodeFirstEFCore", "EX_CodeFirstEFCore\EX_CodeFirstEFCore.csproj", "{9E19CC23-E372-4278-842E-523EFFA00D89}"
EndProject
Global
	GlobalSection(SolutionConfigurationPlatforms) = preSolution
		Debug|Any CPU = Debug|Any CPU
		Release|Any CPU = Release|Any CPU
	EndGlobalSection
	GlobalSection(ProjectConfigurationPlatforms) = postSolution
		{9E19CC23-E372-4278-842E-523EFFA00D89}.Debug|Any CPU.ActiveCfg = Debug|Any CPU
		{9E19CC23-E372-4278-842E-523EFFA00D89}.Debug|Any CPU.Build.0 = Debug|Any CPU
		{9E19CC23-E372-4278-842E-523EFFA00D89}.Release|Any CPU.ActiveCfg = Release|Any CPU
		{9E19CC23-E372-4278-842E-523EFFA00D89}.Release|Any CPU.Build.0 = Release|Any CPU
	EndGlobalSection
	GlobalSection(SolutionProperties) = preSolution
		HideSolutionNode = FALSE
	EndGlobalSection
	GlobalSection(ExtensibilityGlobals) = postSolution
		SolutionGuid = {9A1F790C-ADBB-424F-BCFD-F6172DA006A4}
	EndGlobalSection
EndGlobal
